
Microsoft Visual Studio Solution File, Format Version 12.00
# Visual Studio 14
VisualStudioVersion = 14.0.25420.1
MinimumVisualStudioVersion = 10.0.40219.1
Project("{2150E333-8FDC-42A3-9474-1A3956D46DE8}") = "src", "src", "{27AA36B0-189C-4542-84F1-A9DD975FB11D}"
EndProject
Project("{2150E333-8FDC-42A3-9474-1A3956D46DE8}") = "Solution Items", "Solution Items", "{5FC4F88B-312E-4792-8772-E778D563304F}"
	ProjectSection(SolutionItems) = preProject
		global.json = global.json
	EndProjectSection
EndProject
Project("{8BB2217D-0F2D-49D1-97BC-3654ED321F3B}") = "Main", "src\Main\Main.xproj", "{2B2BF7FC-3456-483E-8DEA-08CBDF5B94DF}"
EndProject
Project("{8BB2217D-0F2D-49D1-97BC-3654ED321F3B}") = "Dbus.Sharp", "external\dbus-sharp\src\Dbus.Sharp\Dbus.Sharp.xproj", "{99B627D9-6C44-4911-9AFA-1C59129C10E9}"
EndProject
Project("{2150E333-8FDC-42A3-9474-1A3956D46DE8}") = "external", "external", "{EBF74B49-202F-46BC-86D5-9295C20BCC55}"
EndProject
Global
	GlobalSection(SolutionConfigurationPlatforms) = preSolution
		Debug|Any CPU = Debug|Any CPU
		Release|Any CPU = Release|Any CPU
	EndGlobalSection
	GlobalSection(ProjectConfigurationPlatforms) = postSolution
		{2B2BF7FC-3456-483E-8DEA-08CBDF5B94DF}.Debug|Any CPU.ActiveCfg = Debug|Any CPU
		{2B2BF7FC-3456-483E-8DEA-08CBDF5B94DF}.Debug|Any CPU.Build.0 = Debug|Any CPU
		{2B2BF7FC-3456-483E-8DEA-08CBDF5B94DF}.Release|Any CPU.ActiveCfg = Release|Any CPU
		{2B2BF7FC-3456-483E-8DEA-08CBDF5B94DF}.Release|Any CPU.Build.0 = Release|Any CPU
		{99B627D9-6C44-4911-9AFA-1C59129C10E9}.Debug|Any CPU.ActiveCfg = Debug|Any CPU
		{99B627D9-6C44-4911-9AFA-1C59129C10E9}.Debug|Any CPU.Build.0 = Debug|Any CPU
		{99B627D9-6C44-4911-9AFA-1C59129C10E9}.Release|Any CPU.ActiveCfg = Release|Any CPU
		{99B627D9-6C44-4911-9AFA-1C59129C10E9}.Release|Any CPU.Build.0 = Release|Any CPU
	EndGlobalSection
	GlobalSection(SolutionProperties) = preSolution
		HideSolutionNode = FALSE
	EndGlobalSection
	GlobalSection(NestedProjects) = preSolution
		{2B2BF7FC-3456-483E-8DEA-08CBDF5B94DF} = {27AA36B0-189C-4542-84F1-A9DD975FB11D}
		{99B627D9-6C44-4911-9AFA-1C59129C10E9} = {EBF74B49-202F-46BC-86D5-9295C20BCC55}
	EndGlobalSection
EndGlobal
